
Microsoft Visual Studio Solution File, Format Version 12.00
# Visual Studio Version 17
VisualStudioVersion = 17.8.34316.72
MinimumVisualStudioVersion = 10.0.40219.1
Project("{FAE04EC0-301F-11D3-BF4B-00C04F79EFBC}") = "EF_Raw_SQL_Demo", "EF_Raw_SQL_Demo.csproj", "{B6596229-AF7E-44E2-919E-8CEC93BBBD18}"
EndProject
Global
	GlobalSection(SolutionConfigurationPlatforms) = preSolution
		Debug|Any CPU = Debug|Any CPU
		Release|Any CPU = Release|Any CPU
	EndGlobalSection
	GlobalSection(ProjectConfigurationPlatforms) = postSolution
		{B6596229-AF7E-44E2-919E-8CEC93BBBD18}.Debug|Any CPU.ActiveCfg = Debug|Any CPU
		{B6596229-AF7E-44E2-919E-8CEC93BBBD18}.Debug|Any CPU.Build.0 = Debug|Any CPU
		{B6596229-AF7E-44E2-919E-8CEC93BBBD18}.Release|Any CPU.ActiveCfg = Release|Any CPU
		{B6596229-AF7E-44E2-919E-8CEC93BBBD18}.Release|Any CPU.Build.0 = Release|Any CPU
	EndGlobalSection
	GlobalSection(SolutionProperties) = preSolution
		HideSolutionNode = FALSE
	EndGlobalSection
	GlobalSection(ExtensibilityGlobals) = postSolution
		SolutionGuid = {A85CA93B-6A86-41A3-A430-0A3CC56D34B8}
	EndGlobalSection
EndGlobal
